{
  "lockfileVersion": 1,
  "configVersion": 1,
  "workspaces": {
    "": {
      "name": "opencode",
      "dependencies": {
        "@0xsero/open-queue": "^1.0.11",
        "opencode-antigravity-auth": "^1.2.7",
        "opencode-openai-codex-auth": "^4.2.0",
        "opencode-pty": "^0.1.1",
        "opencode-skills": "^1.0.0",
        "opencode-wakatime": "^1.1.0",
      },
    },
  },
  "packages": {
    "@0xsero/open-queue": ["@0xsero/open-queue@1.0.11", "", { "peerDependencies": { "@opencode-ai/plugin": ">=1.0.0" }, "bin": { "open-queue": "bin/install.js" } }, "sha512-VEbbmZif1HS2ORxR+haQIxyjpnP9UIT+ykCu1d5viJZKRJrCZo31HI4euxMB6lvRsP8fTNqUTl+qqWm+8g3Bog=="],

    "@openauthjs/openauth": ["@openauthjs/openauth@0.4.3", "", { "dependencies": { "@standard-schema/spec": "1.0.0-beta.3", "aws4fetch": "1.0.20", "jose": "5.9.6" }, "peerDependencies": { "arctic": "^2.2.2", "hono": "^4.0.0" } }, "sha512-RlnjqvHzqcbFVymEwhlUEuac4utA5h4nhSK/i2szZuQmxTIqbGUxZ+nM+avM+VV4Ing+/ZaNLKILoXS3yrkOOw=="],

    "@opencode-ai/plugin": ["@opencode-ai/plugin@1.0.224", "", { "dependencies": { "@opencode-ai/sdk": "1.0.224", "zod": "4.1.8" } }, "sha512-V2Su55FI6NGyabFHo853+8r9h66q//gsYWCIODbwRs47qi4VfbFylfddJxQDD+/M/H7w0++ojbQC9YCLNDXdKw=="],

    "@opencode-ai/sdk": ["@opencode-ai/sdk@1.0.224", "", {}, "sha512-gODyWLDTaz38qISxRdJKsEiFqvJNcFzu4/awoSICIl8j8gx6qDxLsYWVp/ToO4LKXTvHMn8yyZpM3ZEdGhDC+g=="],

    "@oslojs/asn1": ["@oslojs/asn1@1.0.0", "", { "dependencies": { "@oslojs/binary": "1.0.0" } }, "sha512-zw/wn0sj0j0QKbIXfIlnEcTviaCzYOY3V5rAyjR6YtOByFtJiT574+8p9Wlach0lZH9fddD4yb9laEAIl4vXQA=="],

    "@oslojs/binary": ["@oslojs/binary@1.0.0", "", {}, "sha512-9RCU6OwXU6p67H4NODbuxv2S3eenuQ4/WFLrsq+K/k682xrznH5EVWA7N4VFk9VYVcbFtKqur5YQQZc0ySGhsQ=="],

    "@oslojs/crypto": ["@oslojs/crypto@1.0.1", "", { "dependencies": { "@oslojs/asn1": "1.0.0", "@oslojs/binary": "1.0.0" } }, "sha512-7n08G8nWjAr/Yu3vu9zzrd0L9XnrJfpMioQcvCMxBIiF5orECHe5/3J0jmXRVvgfqMm/+4oxlQ+Sq39COYLcNQ=="],

    "@oslojs/encoding": ["@oslojs/encoding@1.1.0", "", {}, "sha512-70wQhgYmndg4GCPxPPxPGevRKqTIJ2Nh4OkiMWmDAVYsTQ+Ta7Sq+rPevXyXGdzr30/qZBnyOalCszoMxlyldQ=="],

    "@oslojs/jwt": ["@oslojs/jwt@0.2.0", "", { "dependencies": { "@oslojs/encoding": "0.4.1" } }, "sha512-bLE7BtHrURedCn4Mco3ma9L4Y1GR2SMBuIvjWr7rmQ4/W/4Jy70TIAgZ+0nIlk0xHz1vNP8x8DCns45Sb2XRbg=="],

    "@standard-schema/spec": ["@standard-schema/spec@1.0.0-beta.3", "", {}, "sha512-0ifF3BjA1E8SY9C+nUew8RefNOIq0cDlYALPty4rhUm8Rrl6tCM8hBT4bhGhx7I7iXD0uAgt50lgo8dD73ACMw=="],

    "arctic": ["arctic@2.3.4", "", { "dependencies": { "@oslojs/crypto": "1.0.1", "@oslojs/encoding": "1.1.0", "@oslojs/jwt": "0.2.0" } }, "sha512-+p30BOWsctZp+CVYCt7oAean/hWGW42sH5LAcRQX56ttEkFJWbzXBhmSpibbzwSJkRrotmsA+oAoJoVsU0f5xA=="],

    "argparse": ["argparse@1.0.10", "", { "dependencies": { "sprintf-js": "~1.0.2" } }, "sha512-o5Roy6tNG4SL/FOkCAN6RzjiakZS25RLYFrcMttJqbdd8BWrnA+fGz57iN5Pb06pvBGvl5gQ0B48dJlslXvoTg=="],

    "aws4fetch": ["aws4fetch@1.0.20", "", {}, "sha512-/djoAN709iY65ETD6LKCtyyEI04XIBP5xVvfmNxsEP0uJB5tyaGBztSryRr4HqMStr9R06PisQE7m9zDTXKu6g=="],

    "bun-pty": ["bun-pty@0.4.5", "", {}, "sha512-r8NL1C+z0Dicl9gyi0QV0DAPEBgoKO5CJuecbeS8fpfEkxBHy8XrJ7ibVBS+YRLWjcky3EKl8BY7nY+l4Jv8DQ=="],

    "esprima": ["esprima@4.0.1", "", { "bin": { "esparse": "./bin/esparse.js", "esvalidate": "./bin/esvalidate.js" } }, "sha512-eGuFFw7Upda+g4p+QHvnW0RyTX/SVeJBDM/gCtMARO0cLuT2HcEKnTPvhjV6aGeqrCB/sbNop0Kszm0jsaWU4A=="],

    "extend-shallow": ["extend-shallow@2.0.1", "", { "dependencies": { "is-extendable": "^0.1.0" } }, "sha512-zCnTtlxNoAiDc3gqY2aYAWFx7XWWiasuF2K8Me5WbN8otHKTUKBwjPtNpRs/rbUZm7KxWAaNj7P1a/p52GbVug=="],

    "gray-matter": ["gray-matter@4.0.3", "", { "dependencies": { "js-yaml": "^3.13.1", "kind-of": "^6.0.2", "section-matter": "^1.0.0", "strip-bom-string": "^1.0.0" } }, "sha512-5v6yZd4JK3eMI3FqqCouswVqwugaA9r4dNZB1wwcmrD02QkV5H0y7XBQW8QwQqEaZY1pM9aqORSORhJRdNK44Q=="],

    "hono": ["hono@4.11.3", "", {}, "sha512-PmQi306+M/ct/m5s66Hrg+adPnkD5jiO6IjA7WhWw0gSBSo1EcRegwuI1deZ+wd5pzCGynCcn2DprnE4/yEV4w=="],

    "is-extendable": ["is-extendable@0.1.1", "", {}, "sha512-5BMULNob1vgFX6EjQw5izWDxrecWK9AM72rugNr0TFldMOi0fj6Jk+zeKIt0xGj4cEfQIJth4w3OKWOJ4f+AFw=="],

    "jose": ["jose@5.9.6", "", {}, "sha512-AMlnetc9+CV9asI19zHmrgS/WYsWUwCn2R7RzlbJWD7F9eWYUTGyBmU9o6PxngtLGOiDGPRu+Uc4fhKzbpteZQ=="],

    "js-yaml": ["js-yaml@3.14.2", "", { "dependencies": { "argparse": "^1.0.7", "esprima": "^4.0.0" }, "bin": { "js-yaml": "bin/js-yaml.js" } }, "sha512-PMSmkqxr106Xa156c2M265Z+FTrPl+oxd/rgOQy2tijQeK5TxQ43psO1ZCwhVOSdnn+RzkzlRz/eY4BgJBYVpg=="],

    "kind-of": ["kind-of@6.0.3", "", {}, "sha512-dcS1ul+9tmeD95T+x28/ehLgd9mENa3LsvDTtzm3vyBEO7RPptvAD+t44WVXaUjTBRcrpFeFlC8WCruUR456hw=="],

    "opencode-antigravity-auth": ["opencode-antigravity-auth@1.2.7", "", { "dependencies": { "@openauthjs/openauth": "^0.4.3", "xdg-basedir": "^5.1.0", "zod": "^3.24.0" }, "peerDependencies": { "typescript": "^5" } }, "sha512-Pnze3dOZZ9XGi2JvItj0vReIY5tPUrI9aZOpfXnMICHnH2FYYFzY19g//P/c0ALCDpdsDCxrmjMqY2nvTPjuGg=="],

    "opencode-openai-codex-auth": ["opencode-openai-codex-auth@4.2.0", "", { "dependencies": { "@openauthjs/openauth": "^0.4.3", "hono": "^4.10.4" }, "peerDependencies": { "@opencode-ai/plugin": "^1.0.150" } }, "sha512-Mqisvih1xFtDrA76rB2v1zd2Dmp2fRGLTEHBkoKJn3ijlXBWta0irmd/hXm3vaHmDW9R2yeke1rddKt9prlmTQ=="],

    "opencode-pty": ["opencode-pty@0.1.1", "", { "dependencies": { "bun-pty": "^0.4.2" }, "peerDependencies": { "typescript": "^5" } }, "sha512-pXpkDAU4gUF5Qqk/qLI5kcERSYx1ijGWjrbnhe5T2Sb37DZa0zwLAKgfRFKpVTLwyFP2jWuPn53iSAF0qvEzKA=="],

    "opencode-skills": ["opencode-skills@1.0.0", "", { "dependencies": { "@opencode-ai/sdk": "^1.0.126", "gray-matter": "^4.0.3", "zod": "^3.23.0" }, "peerDependencies": { "@opencode-ai/plugin": "^1.0.126" } }, "sha512-voRHo04S0vc52C/zznS5fdLXShdvpNZhExHcx42IA0ljWZdmKzw0IxmQykIXN0/KjVLjVFQC4Ild+Vp+72LctA=="],

    "opencode-wakatime": ["opencode-wakatime@1.1.0", "", { "peerDependencies": { "@opencode-ai/plugin": ">=1.0.0" }, "bin": { "opencode-wakatime": "bin/cli.js" } }, "sha512-FHpQji8j96FJWEI1kkamoj3ph1D7tM1s4w5OBJampWwTs2bi50PfZxNKN8NYZQjGiFRRdXzo9FvOdCXtq8O1sw=="],

    "section-matter": ["section-matter@1.0.0", "", { "dependencies": { "extend-shallow": "^2.0.1", "kind-of": "^6.0.0" } }, "sha512-vfD3pmTzGpufjScBh50YHKzEu2lxBWhVEHsNGoEXmCmn2hKGfeNLYMzCJpe8cD7gqX7TJluOVpBkAequ6dgMmA=="],

    "sprintf-js": ["sprintf-js@1.0.3", "", {}, "sha512-D9cPgkvLlV3t3IzL0D0YLvGA9Ahk4PcvVwUbN0dSGr1aP0Nrt4AEnTUbuGvquEC0mA64Gqt1fzirlRs5ibXx8g=="],

    "strip-bom-string": ["strip-bom-string@1.0.0", "", {}, "sha512-uCC2VHvQRYu+lMh4My/sFNmF2klFymLX1wHJeXnbEJERpV/ZsVuonzerjfrGpIGF7LBVa1O7i9kjiWvJiFck8g=="],

    "typescript": ["typescript@5.9.3", "", { "bin": { "tsc": "bin/tsc", "tsserver": "bin/tsserver" } }, "sha512-jl1vZzPDinLr9eUt3J/t7V6FgNEw9QjvBPdysz9KfQDD41fQrC2Y4vKQdiaUpFT4bXlb1RHhLpp8wtm6M5TgSw=="],

    "xdg-basedir": ["xdg-basedir@5.1.0", "", {}, "sha512-GCPAHLvrIH13+c0SuacwvRYj2SxJXQ4kaVTT5xgL3kPrz56XxkF21IGhjSE1+W0aw7gpBWRGXLCPnPby6lSpmQ=="],

    "zod": ["zod@3.25.76", "", {}, "sha512-gzUt/qt81nXsFGKIFcC3YnfEAx5NkunCfnDlvuBSSFS02bcXu4Lmea0AFIUwbLWxWPx3d9p8S5QoaujKcNQxcQ=="],

    "@opencode-ai/plugin/zod": ["zod@4.1.8", "", {}, "sha512-5R1P+WwQqmmMIEACyzSvo4JXHY5WiAFHRMg+zBZKgKS+Q1viRa0C1hmUKtHltoIFKtIdki3pRxkmpP74jnNYHQ=="],

    "@oslojs/jwt/@oslojs/encoding": ["@oslojs/encoding@0.4.1", "", {}, "sha512-hkjo6MuIK/kQR5CrGNdAPZhS01ZCXuWDRJ187zh6qqF2+yMHZpD9fAYpX8q2bOO6Ryhl3XpCT6kUX76N8hhm4Q=="],
  }
}
