# THIS IS AN AUTOGENERATED FILE. DO NOT EDIT THIS FILE DIRECTLY.
# yarn lockfile v1


debug@^4.0.1:
  version "4.1.1"
  resolved "https://registry.yarnpkg.com/debug/-/debug-4.1.1.tgz#3b72260255109c6b589cee050f1d516139664791"
  integrity sha512-pYAIzeRo8J6KPEaJ0VWOh5Pzkbw/RetuzehGM7QRRX5he4fPHx2rdKMB256ehJCkX+XRQm16eZLqLNS8RSZXZw==
  dependencies:
    ms "^2.1.1"

ms@^2.1.1:
  version "2.1.2"
  resolved "https://registry.yarnpkg.com/ms/-/ms-2.1.2.tgz#d09d1f357b443f493382a8eb3ccd183872ae6009"
  integrity sha512-sGkPx+VjMtmA6MX27oA4FBFELFCZZ4S4XqeGOXCv68tT+jb3vk/RyaKWP0PTKyWtmLSM0b+adUTEvbs1PEaH2w==

run-git-command@^1.2.3:
  version "1.2.3"
  resolved "https://registry.yarnpkg.com/run-git-command/-/run-git-command-1.2.3.tgz#d142fe28b9237a2babac2f165170b1cfd5671c03"
  integrity sha512-S6+bEF8Pg4lM3RTJgSenA75bwiCsF2SYEYoT4czlf6EGiyMtc9nVS3uckbhD09k+aOJzKgUYo46n1YHOw+LNRg==

simple-git@^1.132.0:
  version "1.132.0"
  resolved "https://registry.yarnpkg.com/simple-git/-/simple-git-1.132.0.tgz#53ac4c5ec9e74e37c2fd461e23309f22fcdf09b1"
  integrity sha512-xauHm1YqCTom1sC9eOjfq3/9RKiUA9iPnxBbrY2DdL8l4ADMu0jjM5l5lphQP5YWNqAL2aXC/OeuQ76vHtW5fg==
  dependencies:
    debug "^4.0.1"
